
Microsoft Visual Studio Solution File, Format Version 12.00
# Visual Studio Version 17
VisualStudioVersion = 17.5.33516.290
MinimumVisualStudioVersion = 10.0.40219.1
Project("{2150E333-8FDC-42A3-9474-1A3956D46DE8}") = "FrontEnd", "FrontEnd", "{34B3B276-CA3F-47C4-8062-86145E66EA09}"
EndProject
Project("{2150E333-8FDC-42A3-9474-1A3956D46DE8}") = "Gateway", "Gateway", "{6114CFDA-3DA6-4FD4-9760-BE2ADAB1AD53}"
EndProject
Project("{2150E333-8FDC-42A3-9474-1A3956D46DE8}") = "Integration", "Integration", "{2306B0B0-B7D7-4B64-A51C-B3129043657B}"
EndProject
Project("{2150E333-8FDC-42A3-9474-1A3956D46DE8}") = "Services", "Services", "{1D3D98A7-7C23-495B-9D73-DDA9A7ADE4D3}"
EndProject
Project("{9A19103F-16F7-4668-BE54-9A1E7A4F7556}") = "Krusty.Services.CouponAPI", "Krusty.Services.CouponAPI\Krusty.Services.CouponAPI.csproj", "{44E4E70D-5571-45D7-939E-9AEE696901AE}"
EndProject
Project("{9A19103F-16F7-4668-BE54-9A1E7A4F7556}") = "Krusty.Web", "Krusty.Web\Krusty.Web.csproj", "{40728AAB-A479-4279-BD43-1E7AAC754514}"
EndProject
Project("{9A19103F-16F7-4668-BE54-9A1E7A4F7556}") = "Krusty.Services.AuthAPI", "Krusty.Services.AuthAPI\Krusty.Services.AuthAPI.csproj", "{3363CA98-6299-4969-B7AF-7BC042BFCDCB}"
EndProject
Project("{9A19103F-16F7-4668-BE54-9A1E7A4F7556}") = "Krusty.Services.ProductAPI", "Krusty.Services.ProductAPI\Krusty.Services.ProductAPI.csproj", "{8890D76C-1861-4594-B01C-C6A67039844B}"
EndProject
Project("{9A19103F-16F7-4668-BE54-9A1E7A4F7556}") = "Krusty.Services.ShoppingCartAPI", "Krusty.Services.ShoppingCartAPI\Krusty.Services.ShoppingCartAPI.csproj", "{C1CCBFEB-6AE4-4B7B-B2A5-C8BA0B4764D4}"
EndProject
Project("{9A19103F-16F7-4668-BE54-9A1E7A4F7556}") = "Krusty.MessageBus", "Krusty.MessageBus\Krusty.MessageBus.csproj", "{1B639038-978C-4CE1-9ACB-8537895104E8}"
EndProject
Project("{9A19103F-16F7-4668-BE54-9A1E7A4F7556}") = "Krusty.Services.EmailAPI", "Krusty.Services.EmailAPI\Krusty.Services.EmailAPI.csproj", "{8FA5CFDC-AE62-4F9D-8B35-2EECEBD26A86}"
EndProject
Project("{9A19103F-16F7-4668-BE54-9A1E7A4F7556}") = "Krusty.Services.OrderAPI", "Krusty.Services.OrderAPI\Krusty.Services.OrderAPI.csproj", "{237B7D1C-3F39-4878-94EA-0B372324EC33}"
EndProject
Project("{FAE04EC0-301F-11D3-BF4B-00C04F79EFBC}") = "Krusty.Services.RewardAPI", "Krusty.Services.RewardAPI\Krusty.Services.RewardAPI.csproj", "{41640980-6CB8-4AE8-8AE7-9D9C93E7D21B}"
EndProject
Global
	GlobalSection(SolutionConfigurationPlatforms) = preSolution
		Debug|Any CPU = Debug|Any CPU
		Release|Any CPU = Release|Any CPU
	EndGlobalSection
	GlobalSection(ProjectConfigurationPlatforms) = postSolution
		{44E4E70D-5571-45D7-939E-9AEE696901AE}.Debug|Any CPU.ActiveCfg = Debug|Any CPU
		{44E4E70D-5571-45D7-939E-9AEE696901AE}.Debug|Any CPU.Build.0 = Debug|Any CPU
		{44E4E70D-5571-45D7-939E-9AEE696901AE}.Release|Any CPU.ActiveCfg = Release|Any CPU
		{44E4E70D-5571-45D7-939E-9AEE696901AE}.Release|Any CPU.Build.0 = Release|Any CPU
		{40728AAB-A479-4279-BD43-1E7AAC754514}.Debug|Any CPU.ActiveCfg = Debug|Any CPU
		{40728AAB-A479-4279-BD43-1E7AAC754514}.Debug|Any CPU.Build.0 = Debug|Any CPU
		{40728AAB-A479-4279-BD43-1E7AAC754514}.Release|Any CPU.ActiveCfg = Release|Any CPU
		{40728AAB-A479-4279-BD43-1E7AAC754514}.Release|Any CPU.Build.0 = Release|Any CPU
		{3363CA98-6299-4969-B7AF-7BC042BFCDCB}.Debug|Any CPU.ActiveCfg = Debug|Any CPU
		{3363CA98-6299-4969-B7AF-7BC042BFCDCB}.Debug|Any CPU.Build.0 = Debug|Any CPU
		{3363CA98-6299-4969-B7AF-7BC042BFCDCB}.Release|Any CPU.ActiveCfg = Release|Any CPU
		{3363CA98-6299-4969-B7AF-7BC042BFCDCB}.Release|Any CPU.Build.0 = Release|Any CPU
		{8890D76C-1861-4594-B01C-C6A67039844B}.Debug|Any CPU.ActiveCfg = Debug|Any CPU
		{8890D76C-1861-4594-B01C-C6A67039844B}.Debug|Any CPU.Build.0 = Debug|Any CPU
		{8890D76C-1861-4594-B01C-C6A67039844B}.Release|Any CPU.ActiveCfg = Release|Any CPU
		{8890D76C-1861-4594-B01C-C6A67039844B}.Release|Any CPU.Build.0 = Release|Any CPU
		{C1CCBFEB-6AE4-4B7B-B2A5-C8BA0B4764D4}.Debug|Any CPU.ActiveCfg = Debug|Any CPU
		{C1CCBFEB-6AE4-4B7B-B2A5-C8BA0B4764D4}.Debug|Any CPU.Build.0 = Debug|Any CPU
		{C1CCBFEB-6AE4-4B7B-B2A5-C8BA0B4764D4}.Release|Any CPU.ActiveCfg = Release|Any CPU
		{C1CCBFEB-6AE4-4B7B-B2A5-C8BA0B4764D4}.Release|Any CPU.Build.0 = Release|Any CPU
		{1B639038-978C-4CE1-9ACB-8537895104E8}.Debug|Any CPU.ActiveCfg = Debug|Any CPU
		{1B639038-978C-4CE1-9ACB-8537895104E8}.Debug|Any CPU.Build.0 = Debug|Any CPU
		{1B639038-978C-4CE1-9ACB-8537895104E8}.Release|Any CPU.ActiveCfg = Release|Any CPU
		{1B639038-978C-4CE1-9ACB-8537895104E8}.Release|Any CPU.Build.0 = Release|Any CPU
		{8FA5CFDC-AE62-4F9D-8B35-2EECEBD26A86}.Debug|Any CPU.ActiveCfg = Debug|Any CPU
		{8FA5CFDC-AE62-4F9D-8B35-2EECEBD26A86}.Debug|Any CPU.Build.0 = Debug|Any CPU
		{8FA5CFDC-AE62-4F9D-8B35-2EECEBD26A86}.Release|Any CPU.ActiveCfg = Release|Any CPU
		{8FA5CFDC-AE62-4F9D-8B35-2EECEBD26A86}.Release|Any CPU.Build.0 = Release|Any CPU
		{237B7D1C-3F39-4878-94EA-0B372324EC33}.Debug|Any CPU.ActiveCfg = Debug|Any CPU
		{237B7D1C-3F39-4878-94EA-0B372324EC33}.Debug|Any CPU.Build.0 = Debug|Any CPU
		{237B7D1C-3F39-4878-94EA-0B372324EC33}.Release|Any CPU.ActiveCfg = Release|Any CPU
		{237B7D1C-3F39-4878-94EA-0B372324EC33}.Release|Any CPU.Build.0 = Release|Any CPU
		{41640980-6CB8-4AE8-8AE7-9D9C93E7D21B}.Debug|Any CPU.ActiveCfg = Debug|Any CPU
		{41640980-6CB8-4AE8-8AE7-9D9C93E7D21B}.Debug|Any CPU.Build.0 = Debug|Any CPU
		{41640980-6CB8-4AE8-8AE7-9D9C93E7D21B}.Release|Any CPU.ActiveCfg = Release|Any CPU
		{41640980-6CB8-4AE8-8AE7-9D9C93E7D21B}.Release|Any CPU.Build.0 = Release|Any CPU
	EndGlobalSection
	GlobalSection(SolutionProperties) = preSolution
		HideSolutionNode = FALSE
	EndGlobalSection
	GlobalSection(NestedProjects) = preSolution
		{44E4E70D-5571-45D7-939E-9AEE696901AE} = {1D3D98A7-7C23-495B-9D73-DDA9A7ADE4D3}
		{40728AAB-A479-4279-BD43-1E7AAC754514} = {34B3B276-CA3F-47C4-8062-86145E66EA09}
		{3363CA98-6299-4969-B7AF-7BC042BFCDCB} = {1D3D98A7-7C23-495B-9D73-DDA9A7ADE4D3}
		{8890D76C-1861-4594-B01C-C6A67039844B} = {1D3D98A7-7C23-495B-9D73-DDA9A7ADE4D3}
		{C1CCBFEB-6AE4-4B7B-B2A5-C8BA0B4764D4} = {1D3D98A7-7C23-495B-9D73-DDA9A7ADE4D3}
		{1B639038-978C-4CE1-9ACB-8537895104E8} = {2306B0B0-B7D7-4B64-A51C-B3129043657B}
		{8FA5CFDC-AE62-4F9D-8B35-2EECEBD26A86} = {1D3D98A7-7C23-495B-9D73-DDA9A7ADE4D3}
		{237B7D1C-3F39-4878-94EA-0B372324EC33} = {1D3D98A7-7C23-495B-9D73-DDA9A7ADE4D3}
		{41640980-6CB8-4AE8-8AE7-9D9C93E7D21B} = {1D3D98A7-7C23-495B-9D73-DDA9A7ADE4D3}
	EndGlobalSection
	GlobalSection(ExtensibilityGlobals) = postSolution
		SolutionGuid = {ACA91EB2-F611-4A6F-BC75-DDDFFEE52751}
	EndGlobalSection
EndGlobal
